
Microsoft Visual Studio Solution File, Format Version 12.00
# Visual Studio Version 17
VisualStudioVersion = 17.5.33627.172
MinimumVisualStudioVersion = 10.0.40219.1
Project("{8BC9CEB8-8B4A-11D0-8D11-00A0C91BC942}") = "PA10_binary_search_template", "PA10_binary_search_template.vcxproj", "{1011FD4D-A972-4371-9046-D19C80E9E062}"
EndProject
Global
	GlobalSection(SolutionConfigurationPlatforms) = preSolution
		Debug|x64 = Debug|x64
		Debug|x86 = Debug|x86
		Release|x64 = Release|x64
		Release|x86 = Release|x86
	EndGlobalSection
	GlobalSection(ProjectConfigurationPlatforms) = postSolution
		{1011FD4D-A972-4371-9046-D19C80E9E062}.Debug|x64.ActiveCfg = Debug|x64
		{1011FD4D-A972-4371-9046-D19C80E9E062}.Debug|x64.Build.0 = Debug|x64
		{1011FD4D-A972-4371-9046-D19C80E9E062}.Debug|x86.ActiveCfg = Debug|Win32
		{1011FD4D-A972-4371-9046-D19C80E9E062}.Debug|x86.Build.0 = Debug|Win32
		{1011FD4D-A972-4371-9046-D19C80E9E062}.Release|x64.ActiveCfg = Release|x64
		{1011FD4D-A972-4371-9046-D19C80E9E062}.Release|x64.Build.0 = Release|x64
		{1011FD4D-A972-4371-9046-D19C80E9E062}.Release|x86.ActiveCfg = Release|Win32
		{1011FD4D-A972-4371-9046-D19C80E9E062}.Release|x86.Build.0 = Release|Win32
	EndGlobalSection
	GlobalSection(SolutionProperties) = preSolution
		HideSolutionNode = FALSE
	EndGlobalSection
	GlobalSection(ExtensibilityGlobals) = postSolution
		SolutionGuid = {2F7D5D89-6BDB-4115-AA42-A57C0ACDC558}
	EndGlobalSection
EndGlobal
